// !$*UTF8*$!
{
	archiveVersion = 1;
	classes = {
	};
	objectVersion = 46;
	objects = {

/* Begin PBXBuildFile section */
		7423F4D51F128B7A00BB7972 /* AppDelegate.swift in Sources */ = {isa = PBXBuildFile; fileRef = 7423F4D41F128B7A00BB7972 /* AppDelegate.swift */; };
		7423F4D71F128B7A00BB7972 /* ScreenSaverController.swift in Sources */ = {isa = PBXBuildFile; fileRef = 7423F4D61F128B7A00BB7972 /* ScreenSaverController.swift */; };
		7423F4DA1F128B7A00BB7972 /* Main.storyboard in Resources */ = {isa = PBXBuildFile; fileRef = 7423F4D81F128B7A00BB7972 /* Main.storyboard */; };
		7423F4DC1F128B7B00BB7972 /* Assets.xcassets in Resources */ = {isa = PBXBuildFile; fileRef = 7423F4DB1F128B7B00BB7972 /* Assets.xcassets */; };
		7423F4DF1F128B7B00BB7972 /* LaunchScreen.storyboard in Resources */ = {isa = PBXBuildFile; fileRef = 7423F4DD1F128B7B00BB7972 /* LaunchScreen.storyboard */; };
		7423F4E71F12F77300BB7972 /* Math.swift in Sources */ = {isa = PBXBuildFile; fileRef = 7423F4E61F12F77300BB7972 /* Math.swift */; };
		7423F4E91F12F7FD00BB7972 /* CollisionParticle.swift in Sources */ = {isa = PBXBuildFile; fileRef = 7423F4E81F12F7FD00BB7972 /* CollisionParticle.swift */; };
		7423F50F1F193D4B00BB7972 /* ScreenSaverUITests.swift in Sources */ = {isa = PBXBuildFile; fileRef = 7423F50E1F193D4B00BB7972 /* ScreenSaverUITests.swift */; };
		7423F5171F19423700BB7972 /* MathTests.swift in Sources */ = {isa = PBXBuildFile; fileRef = 7423F5161F19423700BB7972 /* MathTests.swift */; };
		7423F51F1F1D336A00BB7972 /* MathTests.swift in Sources */ = {isa = PBXBuildFile; fileRef = 7423F51E1F1D336A00BB7972 /* MathTests.swift */; };
/* End PBXBuildFile section */

/* Begin PBXContainerItemProxy section */
		7423F5111F193D4B00BB7972 /* PBXContainerItemProxy */ = {
			isa = PBXContainerItemProxy;
			containerPortal = 7423F4C91F128B7A00BB7972 /* Project object */;
			proxyType = 1;
			remoteGlobalIDString = 7423F4D01F128B7A00BB7972;
			remoteInfo = ScreenSaver;
		};
		7423F5211F1D336A00BB7972 /* PBXContainerItemProxy */ = {
			isa = PBXContainerItemProxy;
			containerPortal = 7423F4C91F128B7A00BB7972 /* Project object */;
			proxyType = 1;
			remoteGlobalIDString = 7423F4D01F128B7A00BB7972;
			remoteInfo = ScreenSaver;
		};
/* End PBXContainerItemProxy section */

/* Begin PBXFileReference section */
		7423F4D11F128B7A00BB7972 /* ScreenSaver.app */ = {isa = PBXFileReference; explicitFileType = wrapper.application; includeInIndex = 0; path = ScreenSaver.app; sourceTree = BUILT_PRODUCTS_DIR; };
		7423F4D41F128B7A00BB7972 /* AppDelegate.swift */ = {isa = PBXFileReference; lastKnownFileType = sourcecode.swift; path = AppDelegate.swift; sourceTree = "<group>"; };
		7423F4D61F128B7A00BB7972 /* ScreenSaverController.swift */ = {isa = PBXFileReference; lastKnownFileType = sourcecode.swift; path = ScreenSaverController.swift; sourceTree = "<group>"; };
		7423F4D91F128B7A00BB7972 /* Base */ = {isa = PBXFileReference; lastKnownFileType = file.storyboard; name = Base; path = Base.lproj/Main.storyboard; sourceTree = "<group>"; };
		7423F4DB1F128B7B00BB7972 /* Assets.xcassets */ = {isa = PBXFileReference; lastKnownFileType = folder.assetcatalog; path = Assets.xcassets; sourceTree = "<group>"; };
		7423F4DE1F128B7B00BB7972 /* Base */ = {isa = PBXFileReference; lastKnownFileType = file.storyboard; name = Base; path = Base.lproj/LaunchScreen.storyboard; sourceTree = "<group>"; };
		7423F4E01F128B7B00BB7972 /* Info.plist */ = {isa = PBXFileReference; lastKnownFileType = text.plist.xml; path = Info.plist; sourceTree = "<group>"; };
		7423F4E61F12F77300BB7972 /* Math.swift */ = {isa = PBXFileReference; fileEncoding = 4; lastKnownFileType = sourcecode.swift; path = Math.swift; sourceTree = "<group>"; };
		7423F4E81F12F7FD00BB7972 /* CollisionParticle.swift */ = {isa = PBXFileReference; fileEncoding = 4; lastKnownFileType = sourcecode.swift; path = CollisionParticle.swift; sourceTree = "<group>"; };
		7423F50C1F193D4B00BB7972 /* ScreenSaverUITests.xctest */ = {isa = PBXFileReference; explicitFileType = wrapper.cfbundle; includeInIndex = 0; path = ScreenSaverUITests.xctest; sourceTree = BUILT_PRODUCTS_DIR; };
		7423F50E1F193D4B00BB7972 /* ScreenSaverUITests.swift */ = {isa = PBXFileReference; lastKnownFileType = sourcecode.swift; path = ScreenSaverUITests.swift; sourceTree = "<group>"; };
		7423F5101F193D4B00BB7972 /* Info.plist */ = {isa = PBXFileReference; lastKnownFileType = text.plist.xml; path = Info.plist; sourceTree = "<group>"; };
		7423F5161F19423700BB7972 /* MathTests.swift */ = {isa = PBXFileReference; fileEncoding = 4; lastKnownFileType = sourcecode.swift; path = MathTests.swift; sourceTree = "<group>"; };
		7423F51C1F1D336A00BB7972 /* MathTests.xctest */ = {isa = PBXFileReference; explicitFileType = wrapper.cfbundle; includeInIndex = 0; path = MathTests.xctest; sourceTree = BUILT_PRODUCTS_DIR; };
		7423F51E1F1D336A00BB7972 /* MathTests.swift */ = {isa = PBXFileReference; lastKnownFileType = sourcecode.swift; path = MathTests.swift; sourceTree = "<group>"; };
		7423F5201F1D336A00BB7972 /* Info.plist */ = {isa = PBXFileReference; lastKnownFileType = text.plist.xml; path = Info.plist; sourceTree = "<group>"; };
/* End PBXFileReference section */

/* Begin PBXFrameworksBuildPhase section */
		7423F4CE1F128B7A00BB7972 /* Frameworks */ = {
			isa = PBXFrameworksBuildPhase;
			buildActionMask = 2147483647;
			files = (
			);
			runOnlyForDeploymentPostprocessing = 0;
		};
		7423F5091F193D4B00BB7972 /* Frameworks */ = {
			isa = PBXFrameworksBuildPhase;
			buildActionMask = 2147483647;
			files = (
			);
			runOnlyForDeploymentPostprocessing = 0;
		};
		7423F5191F1D336A00BB7972 /* Frameworks */ = {
			isa = PBXFrameworksBuildPhase;
			buildActionMask = 2147483647;
			files = (
			);
			runOnlyForDeploymentPostprocessing = 0;
		};
/* End PBXFrameworksBuildPhase section */

/* Begin PBXGroup section */
		7423F4C81F128B7A00BB7972 = {
			isa = PBXGroup;
			children = (
				7423F4D31F128B7A00BB7972 /* ScreenSaver */,
				7423F50D1F193D4B00BB7972 /* ScreenSaverUITests */,
				7423F51D1F1D336A00BB7972 /* MathTests */,
				7423F4D21F128B7A00BB7972 /* Products */,
			);
			sourceTree = "<group>";
		};
		7423F4D21F128B7A00BB7972 /* Products */ = {
			isa = PBXGroup;
			children = (
				7423F4D11F128B7A00BB7972 /* ScreenSaver.app */,
				7423F50C1F193D4B00BB7972 /* ScreenSaverUITests.xctest */,
				7423F51C1F1D336A00BB7972 /* MathTests.xctest */,
			);
			name = Products;
			sourceTree = "<group>";
		};
		7423F4D31F128B7A00BB7972 /* ScreenSaver */ = {
			isa = PBXGroup;
			children = (
				7423F4D41F128B7A00BB7972 /* AppDelegate.swift */,
				7423F4D61F128B7A00BB7972 /* ScreenSaverController.swift */,
				7423F4E81F12F7FD00BB7972 /* CollisionParticle.swift */,
				7423F4E61F12F77300BB7972 /* Math.swift */,
				7423F4D81F128B7A00BB7972 /* Main.storyboard */,
				7423F4DB1F128B7B00BB7972 /* Assets.xcassets */,
				7423F4DD1F128B7B00BB7972 /* LaunchScreen.storyboard */,
				7423F4E01F128B7B00BB7972 /* Info.plist */,
			);
			path = ScreenSaver;
			sourceTree = "<group>";
		};
		7423F50D1F193D4B00BB7972 /* ScreenSaverUITests */ = {
			isa = PBXGroup;
			children = (
				7423F50E1F193D4B00BB7972 /* ScreenSaverUITests.swift */,
				7423F5161F19423700BB7972 /* MathTests.swift */,
				7423F5101F193D4B00BB7972 /* Info.plist */,
			);
			path = ScreenSaverUITests;
			sourceTree = "<group>";
		};
		7423F51D1F1D336A00BB7972 /* MathTests */ = {
			isa = PBXGroup;
			children = (
				7423F51E1F1D336A00BB7972 /* MathTests.swift */,
				7423F5201F1D336A00BB7972 /* Info.plist */,
			);
			path = MathTests;
			sourceTree = "<group>";
		};
/* End PBXGroup section */

/* Begin PBXNativeTarget section */
		7423F4D01F128B7A00BB7972 /* ScreenSaver */ = {
			isa = PBXNativeTarget;
			buildConfigurationList = 7423F4E31F128B7B00BB7972 /* Build configuration list for PBXNativeTarget "ScreenSaver" */;
			buildPhases = (
				7423F4CD1F128B7A00BB7972 /* Sources */,
				7423F4CE1F128B7A00BB7972 /* Frameworks */,
				7423F4CF1F128B7A00BB7972 /* Resources */,
				745725DF1F30CADE004CFD5D /* ShellScript */,
			);
			buildRules = (
			);
			dependencies = (
			);
			name = ScreenSaver;
			productName = ScreenSaver;
			productReference = 7423F4D11F128B7A00BB7972 /* ScreenSaver.app */;
			productType = "com.apple.product-type.application";
		};
		7423F50B1F193D4B00BB7972 /* ScreenSaverUITests */ = {
			isa = PBXNativeTarget;
			buildConfigurationList = 7423F5151F193D4B00BB7972 /* Build configuration list for PBXNativeTarget "ScreenSaverUITests" */;
			buildPhases = (
				7423F5081F193D4B00BB7972 /* Sources */,
				7423F5091F193D4B00BB7972 /* Frameworks */,
				7423F50A1F193D4B00BB7972 /* Resources */,
			);
			buildRules = (
			);
			dependencies = (
				7423F5121F193D4B00BB7972 /* PBXTargetDependency */,
			);
			name = ScreenSaverUITests;
			productName = ScreenSaverUITests;
			productReference = 7423F50C1F193D4B00BB7972 /* ScreenSaverUITests.xctest */;
			productType = "com.apple.product-type.bundle.ui-testing";
		};
		7423F51B1F1D336A00BB7972 /* MathTests */ = {
			isa = PBXNativeTarget;
			buildConfigurationList = 7423F5231F1D336A00BB7972 /* Build configuration list for PBXNativeTarget "MathTests" */;
			buildPhases = (
				7423F5181F1D336A00BB7972 /* Sources */,
				7423F5191F1D336A00BB7972 /* Frameworks */,
				7423F51A1F1D336A00BB7972 /* Resources */,
			);
			buildRules = (
			);
			dependencies = (
				7423F5221F1D336A00BB7972 /* PBXTargetDependency */,
			);
			name = MathTests;
			productName = MathTests;
			productReference = 7423F51C1F1D336A00BB7972 /* MathTests.xctest */;
			productType = "com.apple.product-type.bundle.unit-test";
		};
/* End PBXNativeTarget section */

/* Begin PBXProject section */
		7423F4C91F128B7A00BB7972 /* Project object */ = {
			isa = PBXProject;
			attributes = {
				LastSwiftUpdateCheck = 0830;
				LastUpgradeCheck = 0830;
				ORGANIZATIONNAME = MZ;
				TargetAttributes = {
					7423F4D01F128B7A00BB7972 = {
						CreatedOnToolsVersion = 8.3.3;
						DevelopmentTeam = G2S724D2ZT;
						ProvisioningStyle = Automatic;
					};
					7423F50B1F193D4B00BB7972 = {
						CreatedOnToolsVersion = 8.3.3;
						ProvisioningStyle = Automatic;
						TestTargetID = 7423F4D01F128B7A00BB7972;
					};
					7423F51B1F1D336A00BB7972 = {
						CreatedOnToolsVersion = 8.3.3;
						ProvisioningStyle = Automatic;
						TestTargetID = 7423F4D01F128B7A00BB7972;
					};
				};
			};
			buildConfigurationList = 7423F4CC1F128B7A00BB7972 /* Build configuration list for PBXProject "ScreenSaver" */;
			compatibilityVersion = "Xcode 3.2";
			developmentRegion = English;
			hasScannedForEncodings = 0;
			knownRegions = (
				en,
				Base,
			);
			mainGroup = 7423F4C81F128B7A00BB7972;
			productRefGroup = 7423F4D21F128B7A00BB7972 /* Products */;
			projectDirPath = "";
			projectRoot = "";
			targets = (
				7423F4D01F128B7A00BB7972 /* ScreenSaver */,
				7423F50B1F193D4B00BB7972 /* ScreenSaverUITests */,
				7423F51B1F1D336A00BB7972 /* MathTests */,
			);
		};
/* End PBXProject section */

/* Begin PBXResourcesBuildPhase section */
		7423F4CF1F128B7A00BB7972 /* Resources */ = {
			isa = PBXResourcesBuildPhase;
			buildActionMask = 2147483647;
			files = (
				7423F4DF1F128B7B00BB7972 /* LaunchScreen.storyboard in Resources */,
				7423F4DC1F128B7B00BB7972 /* Assets.xcassets in Resources */,
				7423F4DA1F128B7A00BB7972 /* Main.storyboard in Resources */,
			);
			runOnlyForDeploymentPostprocessing = 0;
		};
		7423F50A1F193D4B00BB7972 /* Resources */ = {
			isa = PBXResourcesBuildPhase;
			buildActionMask = 2147483647;
			files = (
			);
			runOnlyForDeploymentPostprocessing = 0;
		};
		7423F51A1F1D336A00BB7972 /* Resources */ = {
			isa = PBXResourcesBuildPhase;
			buildActionMask = 2147483647;
			files = (
			);
			runOnlyForDeploymentPostprocessing = 0;
		};
/* End PBXResourcesBuildPhase section */

/* Begin PBXShellScriptBuildPhase section */
		745725DF1F30CADE004CFD5D /* ShellScript */ = {
			isa = PBXShellScriptBuildPhase;
			buildActionMask = 8;
			files = (
			);
			inputPaths = (
			);
			outputPaths = (
			);
			runOnlyForDeploymentPostprocessing = 1;
			shellPath = /bin/sh;
			shellScript = "";
		};
/* End PBXShellScriptBuildPhase section */

/* Begin PBXSourcesBuildPhase section */
		7423F4CD1F128B7A00BB7972 /* Sources */ = {
			isa = PBXSourcesBuildPhase;
			buildActionMask = 2147483647;
			files = (
				7423F4D71F128B7A00BB7972 /* ScreenSaverController.swift in Sources */,
				7423F4D51F128B7A00BB7972 /* AppDelegate.swift in Sources */,
				7423F4E91F12F7FD00BB7972 /* CollisionParticle.swift in Sources */,
				7423F4E71F12F77300BB7972 /* Math.swift in Sources */,
			);
			runOnlyForDeploymentPostprocessing = 0;
		};
		7423F5081F193D4B00BB7972 /* Sources */ = {
			isa = PBXSourcesBuildPhase;
			buildActionMask = 2147483647;
			files = (
				7423F50F1F193D4B00BB7972 /* ScreenSaverUITests.swift in Sources */,
				7423F5171F19423700BB7972 /* MathTests.swift in Sources */,
			);
			runOnlyForDeploymentPostprocessing = 0;
		};
		7423F5181F1D336A00BB7972 /* Sources */ = {
			isa = PBXSourcesBuildPhase;
			buildActionMask = 2147483647;
			files = (
				7423F51F1F1D336A00BB7972 /* MathTests.swift in Sources */,
			);
			runOnlyForDeploymentPostprocessing = 0;
		};
/* End PBXSourcesBuildPhase section */

/* Begin PBXTargetDependency section */
		7423F5121F193D4B00BB7972 /* PBXTargetDependency */ = {
			isa = PBXTargetDependency;
			target = 7423F4D01F128B7A00BB7972 /* ScreenSaver */;
			targetProxy = 7423F5111F193D4B00BB7972 /* PBXContainerItemProxy */;
		};
		7423F5221F1D336A00BB7972 /* PBXTargetDependency */ = {
			isa = PBXTargetDependency;
			target = 7423F4D01F128B7A00BB7972 /* ScreenSaver */;
			targetProxy = 7423F5211F1D336A00BB7972 /* PBXContainerItemProxy */;
		};
/* End PBXTargetDependency section */

/* Begin PBXVariantGroup section */
		7423F4D81F128B7A00BB7972 /* Main.storyboard */ = {
			isa = PBXVariantGroup;
			children = (
				7423F4D91F128B7A00BB7972 /* Base */,
			);
			name = Main.storyboard;
			sourceTree = "<group>";
		};
		7423F4DD1F128B7B00BB7972 /* LaunchScreen.storyboard */ = {
			isa = PBXVariantGroup;
			children = (
				7423F4DE1F128B7B00BB7972 /* Base */,
			);
			name = LaunchScreen.storyboard;
			sourceTree = "<group>";
		};
/* End PBXVariantGroup section */

/* Begin XCBuildConfiguration section */
		7423F4E11F128B7B00BB7972 /* Debug */ = {
			isa = XCBuildConfiguration;
			buildSettings = {
				ALWAYS_SEARCH_USER_PATHS = NO;
				CLANG_ANALYZER_NONNULL = YES;
				CLANG_ANALYZER_NUMBER_OBJECT_CONVERSION = YES_AGGRESSIVE;
				CLANG_CXX_LANGUAGE_STANDARD = "gnu++0x";
				CLANG_CXX_LIBRARY = "libc++";
				CLANG_ENABLE_MODULES = YES;
				CLANG_ENABLE_OBJC_ARC = YES;
				CLANG_WARN_BOOL_CONVERSION = YES;
				CLANG_WARN_CONSTANT_CONVERSION = YES;
				CLANG_WARN_DIRECT_OBJC_ISA_USAGE = YES_ERROR;
				CLANG_WARN_DOCUMENTATION_COMMENTS = YES;
				CLANG_WARN_EMPTY_BODY = YES;
				CLANG_WARN_ENUM_CONVERSION = YES;
				CLANG_WARN_INFINITE_RECURSION = YES;
				CLANG_WARN_INT_CONVERSION = YES;
				CLANG_WARN_OBJC_ROOT_CLASS = YES_ERROR;
				CLANG_WARN_SUSPICIOUS_MOVE = YES;
				CLANG_WARN_UNREACHABLE_CODE = YES;
				CLANG_WARN__DUPLICATE_METHOD_MATCH = YES;
				"CODE_SIGN_IDENTITY[sdk=iphoneos*]" = "iPhone Developer";
				COPY_PHASE_STRIP = NO;
				DEBUG_INFORMATION_FORMAT = dwarf;
				ENABLE_STRICT_OBJC_MSGSEND = YES;
				ENABLE_TESTABILITY = YES;
				GCC_C_LANGUAGE_STANDARD = gnu99;
				GCC_DYNAMIC_NO_PIC = NO;
				GCC_NO_COMMON_BLOCKS = YES;
				GCC_OPTIMIZATION_LEVEL = 0;
				GCC_PREPROCESSOR_DEFINITIONS = (
					"DEBUG=1",
					"$(inherited)",
				);
				GCC_WARN_64_TO_32_BIT_CONVERSION = YES;
				GCC_WARN_ABOUT_RETURN_TYPE = YES_ERROR;
				GCC_WARN_UNDECLARED_SELECTOR = YES;
				GCC_WARN_UNINITIALIZED_AUTOS = YES_AGGRESSIVE;
				GCC_WARN_UNUSED_FUNCTION = YES;
				GCC_WARN_UNUSED_VARIABLE = YES;
				IPHONEOS_DEPLOYMENT_TARGET = 10.3;
				MTL_ENABLE_DEBUG_INFO = YES;
				ONLY_ACTIVE_ARCH = YES;
				SDKROOT = iphoneos;
				SWIFT_ACTIVE_COMPILATION_CONDITIONS = DEBUG;
				SWIFT_OPTIMIZATION_LEVEL = "-Onone";
				TARGETED_DEVICE_FAMILY = "1,2";
			};
			name = Debug;
		};
		7423F4E21F128B7B00BB7972 /* Release */ = {
			isa = XCBuildConfiguration;
			buildSettings = {
				ALWAYS_SEARCH_USER_PATHS = NO;
				CLANG_ANALYZER_NONNULL = YES;
				CLANG_ANALYZER_NUMBER_OBJECT_CONVERSION = YES_AGGRESSIVE;
				CLANG_CXX_LANGUAGE_STANDARD = "gnu++0x";
				CLANG_CXX_LIBRARY = "libc++";
				CLANG_ENABLE_MODULES = YES;
				CLANG_ENABLE_OBJC_ARC = YES;
				CLANG_WARN_BOOL_CONVERSION = YES;
				CLANG_WARN_CONSTANT_CONVERSION = YES;
				CLANG_WARN_DIRECT_OBJC_ISA_USAGE = YES_ERROR;
				CLANG_WARN_DOCUMENTATION_COMMENTS = YES;
				CLANG_WARN_EMPTY_BODY = YES;
				CLANG_WARN_ENUM_CONVERSION = YES;
				CLANG_WARN_INFINITE_RECURSION = YES;
				CLANG_WARN_INT_CONVERSION = YES;
				CLANG_WARN_OBJC_ROOT_CLASS = YES_ERROR;
				CLANG_WARN_SUSPICIOUS_MOVE = YES;
				CLANG_WARN_UNREACHABLE_CODE = YES;
				CLANG_WARN__DUPLICATE_METHOD_MATCH = YES;
				"CODE_SIGN_IDENTITY[sdk=iphoneos*]" = "iPhone Developer";
				COPY_PHASE_STRIP = NO;
				DEBUG_INFORMATION_FORMAT = "dwarf-with-dsym";
				ENABLE_NS_ASSERTIONS = NO;
				ENABLE_STRICT_OBJC_MSGSEND = YES;
				GCC_C_LANGUAGE_STANDARD = gnu99;
				GCC_NO_COMMON_BLOCKS = YES;
				GCC_WARN_64_TO_32_BIT_CONVERSION = YES;
				GCC_WARN_ABOUT_RETURN_TYPE = YES_ERROR;
				GCC_WARN_UNDECLARED_SELECTOR = YES;
				GCC_WARN_UNINITIALIZED_AUTOS = YES_AGGRESSIVE;
				GCC_WARN_UNUSED_FUNCTION = YES;
				GCC_WARN_UNUSED_VARIABLE = YES;
				IPHONEOS_DEPLOYMENT_TARGET = 10.3;
				MTL_ENABLE_DEBUG_INFO = NO;
				SDKROOT = iphoneos;
				SWIFT_OPTIMIZATION_LEVEL = "-Owholemodule";
				TARGETED_DEVICE_FAMILY = "1,2";
				VALIDATE_PRODUCT = YES;
			};
			name = Release;
		};
		7423F4E41F128B7B00BB7972 /* Debug */ = {
			isa = XCBuildConfiguration;
			buildSettings = {
				ASSETCATALOG_COMPILER_APPICON_NAME = AppIcon;
				"CODE_SIGN_IDENTITY[sdk=iphoneos*]" = "iPhone Developer";
				DEVELOPMENT_TEAM = G2S724D2ZT;
				INFOPLIST_FILE = ScreenSaver/Info.plist;
				LD_RUNPATH_SEARCH_PATHS = "$(inherited) @executable_path/Frameworks";
				PRODUCT_BUNDLE_IDENTIFIER = MZ.DemoCanfield;
				PRODUCT_NAME = "$(TARGET_NAME)";
				PROVISIONING_PROFILE_SPECIFIER = "";
				SWIFT_VERSION = 3.0;
			};
			name = Debug;
		};
		7423F4E51F128B7B00BB7972 /* Release */ = {
			isa = XCBuildConfiguration;
			buildSettings = {
				ASSETCATALOG_COMPILER_APPICON_NAME = AppIcon;
				"CODE_SIGN_IDENTITY[sdk=iphoneos*]" = "iPhone Developer";
				DEVELOPMENT_TEAM = G2S724D2ZT;
				INFOPLIST_FILE = ScreenSaver/Info.plist;
				LD_RUNPATH_SEARCH_PATHS = "$(inherited) @executable_path/Frameworks";
				PRODUCT_BUNDLE_IDENTIFIER = MZ.DemoCanfield;
				PRODUCT_NAME = "$(TARGET_NAME)";
				PROVISIONING_PROFILE_SPECIFIER = "";
				SWIFT_VERSION = 3.0;
			};
			name = Release;
		};
		7423F5131F193D4B00BB7972 /* Debug */ = {
			isa = XCBuildConfiguration;
			buildSettings = {
				INFOPLIST_FILE = ScreenSaverUITests/Info.plist;
				LD_RUNPATH_SEARCH_PATHS = "$(inherited) @executable_path/Frameworks @loader_path/Frameworks";
				PRODUCT_BUNDLE_IDENTIFIER = MZ.ScreenSaverUITests;
				PRODUCT_NAME = "$(TARGET_NAME)";
				SWIFT_VERSION = 3.0;
				TEST_TARGET_NAME = ScreenSaver;
			};
			name = Debug;
		};
		7423F5141F193D4B00BB7972 /* Release */ = {
			isa = XCBuildConfiguration;
			buildSettings = {
				INFOPLIST_FILE = ScreenSaverUITests/Info.plist;
				LD_RUNPATH_SEARCH_PATHS = "$(inherited) @executable_path/Frameworks @loader_path/Frameworks";
				PRODUCT_BUNDLE_IDENTIFIER = MZ.ScreenSaverUITests;
				PRODUCT_NAME = "$(TARGET_NAME)";
				SWIFT_VERSION = 3.0;
				TEST_TARGET_NAME = ScreenSaver;
			};
			name = Release;
		};
		7423F5241F1D336A00BB7972 /* Debug */ = {
			isa = XCBuildConfiguration;
			buildSettings = {
				BUNDLE_LOADER = "$(TEST_HOST)";
				INFOPLIST_FILE = MathTests/Info.plist;
				LD_RUNPATH_SEARCH_PATHS = "$(inherited) @executable_path/Frameworks @loader_path/Frameworks";
				PRODUCT_BUNDLE_IDENTIFIER = MZ.MathTests;
				PRODUCT_NAME = "$(TARGET_NAME)";
				SWIFT_VERSION = 3.0;
				TEST_HOST = "$(BUILT_PRODUCTS_DIR)/ScreenSaver.app/ScreenSaver";
			};
			name = Debug;
		};
		7423F5251F1D336A00BB7972 /* Release */ = {
			isa = XCBuildConfiguration;
			buildSettings = {
				BUNDLE_LOADER = "$(TEST_HOST)";
				INFOPLIST_FILE = MathTests/Info.plist;
				LD_RUNPATH_SEARCH_PATHS = "$(inherited) @executable_path/Frameworks @loader_path/Frameworks";
				PRODUCT_BUNDLE_IDENTIFIER = MZ.MathTests;
				PRODUCT_NAME = "$(TARGET_NAME)";
				SWIFT_VERSION = 3.0;
				TEST_HOST = "$(BUILT_PRODUCTS_DIR)/ScreenSaver.app/ScreenSaver";
			};
			name = Release;
		};
/* End XCBuildConfiguration section */

/* Begin XCConfigurationList section */
		7423F4CC1F128B7A00BB7972 /* Build configuration list for PBXProject "ScreenSaver" */ = {
			isa = XCConfigurationList;
			buildConfigurations = (
				7423F4E11F128B7B00BB7972 /* Debug */,
				7423F4E21F128B7B00BB7972 /* Release */,
			);
			defaultConfigurationIsVisible = 0;
			defaultConfigurationName = Release;
		};
		7423F4E31F128B7B00BB7972 /* Build configuration list for PBXNativeTarget "ScreenSaver" */ = {
			isa = XCConfigurationList;
			buildConfigurations = (
				7423F4E41F128B7B00BB7972 /* Debug */,
				7423F4E51F128B7B00BB7972 /* Release */,
			);
			defaultConfigurationIsVisible = 0;
			defaultConfigurationName = Release;
		};
		7423F5151F193D4B00BB7972 /* Build configuration list for PBXNativeTarget "ScreenSaverUITests" */ = {
			isa = XCConfigurationList;
			buildConfigurations = (
				7423F5131F193D4B00BB7972 /* Debug */,
				7423F5141F193D4B00BB7972 /* Release */,
			);
			defaultConfigurationIsVisible = 0;
			defaultConfigurationName = Release;
		};
		7423F5231F1D336A00BB7972 /* Build configuration list for PBXNativeTarget "MathTests" */ = {
			isa = XCConfigurationList;
			buildConfigurations = (
				7423F5241F1D336A00BB7972 /* Debug */,
				7423F5251F1D336A00BB7972 /* Release */,
			);
			defaultConfigurationIsVisible = 0;
			defaultConfigurationName = Release;
		};
/* End XCConfigurationList section */
	};
	rootObject = 7423F4C91F128B7A00BB7972 /* Project object */;
}
